{
	"name": "shppping-chat-example",
	"version": "0.0.1",
	"lockfileVersion": 1,
	"requires": true,
	"dependencies": {
		"commander": {
			"version": "0.2.1",
			"resolved": "https://registry.npmjs.org/commander/-/commander-0.2.1.tgz",
			"integrity": "sha1-Mso8IXrDQAgr1w4TJrW71B+8bNE="
		},
		"connect": {
			"version": "1.8.7",
			"resolved": "https://registry.npmjs.org/connect/-/connect-1.8.7.tgz",
			"integrity": "sha1-tiAoGITUVfq5TGk9LbdIZS1sjBc=",
			"requires": {
				"formidable": "1.0.17",
				"mime": "2.0.3",
				"qs": "6.5.1"
			}
		},
		"express": {
			"version": "2.5.2",
			"resolved": "https://registry.npmjs.org/express/-/express-2.5.2.tgz",
			"integrity": "sha1-1YxB99/5ppaWz/zI6b3k6By7y+8=",
			"requires": {
				"connect": "1.8.7",
				"mime": "2.0.3",
				"mkdirp": "0.0.7",
				"qs": "6.5.1"
			}
		},
		"formidable": {
			"version": "1.0.17",
			"resolved": "https://registry.npmjs.org/formidable/-/formidable-1.0.17.tgz",
			"integrity": "sha1-71SRSQ+UM7cF+qdyScmQKa40hVk="
		},
		"hashish": {
			"version": "0.0.4",
			"resolved": "https://registry.npmjs.org/hashish/-/hashish-0.0.4.tgz",
			"integrity": "sha1-bWC8b/r3Ebav1g5CbQd5iAFOZVQ=",
			"requires": {
				"traverse": "0.6.6"
			}
		},
		"jade": {
			"version": "0.19.0",
			"resolved": "https://registry.npmjs.org/jade/-/jade-0.19.0.tgz",
			"integrity": "sha1-9CJcXjQjDZ0J1Nj1Fd9XndpH3pQ=",
			"requires": {
				"commander": "0.2.1",
				"mkdirp": "0.0.7"
			}
		},
		"lingo": {
			"version": "0.0.5",
			"resolved": "https://registry.npmjs.org/lingo/-/lingo-0.0.5.tgz",
			"integrity": "sha1-ybENi6OImZTqlEc9FpXhg0IQFqM="
		},
		"mime": {
			"version": "2.0.3",
			"resolved": "https://registry.npmjs.org/mime/-/mime-2.0.3.tgz",
			"integrity": "sha512-TrpAd/vX3xaLPDgVRm6JkZwLR0KHfukMdU2wTEbqMDdCnY6Yo3mE+mjs9YE6oMNw2QRfXVeBEYpmpO94BIqiug=="
		},
		"mkdirp": {
			"version": "0.0.7",
			"resolved": "https://registry.npmjs.org/mkdirp/-/mkdirp-0.0.7.tgz",
			"integrity": "sha1-2JtPDkw+XlylQjWTFnXglP4aUHI="
		},
		"moment": {
			"version": "1.1.1",
			"resolved": "https://registry.npmjs.org/moment/-/moment-1.1.1.tgz",
			"integrity": "sha1-foO9mbi5FFqIKYrp/c44hG3R/rw="
		},
		"mysql": {
			"version": "0.9.5",
			"resolved": "https://registry.npmjs.org/mysql/-/mysql-0.9.5.tgz",
			"integrity": "sha1-zJXhwx0GU5dNP7PpJm7UZs0PlrU=",
			"requires": {
				"hashish": "0.0.4"
			}
		},
		"qs": {
			"version": "6.5.1",
			"resolved": "https://registry.npmjs.org/qs/-/qs-6.5.1.tgz",
			"integrity": "sha512-eRzhrN1WSINYCDCbrz796z37LOe3m5tmW7RQf6oBntukAG1nmovJvhnwHHRMAfeoItc1m2Hk02WER2aQ/iqs+A=="
		},
		"sequelize": {
			"version": "1.3.7",
			"resolved": "https://registry.npmjs.org/sequelize/-/sequelize-1.3.7.tgz",
			"integrity": "sha1-EwTUfzl+/+9BB1Uug27IW5tMaH8=",
			"requires": {
				"commander": "0.5.2",
				"lingo": "0.0.5",
				"moment": "1.1.1",
				"mysql": "0.9.5",
				"underscore": "1.2.4",
				"underscore.string": "2.0.0",
				"validator": "0.3.9"
			},
			"dependencies": {
				"commander": {
					"version": "0.5.2",
					"resolved": "https://registry.npmjs.org/commander/-/commander-0.5.2.tgz",
					"integrity": "sha1-8nAyZwmhFaEmz+1WI4UkObjko7U="
				}
			}
		},
		"traverse": {
			"version": "0.6.6",
			"resolved": "https://registry.npmjs.org/traverse/-/traverse-0.6.6.tgz",
			"integrity": "sha1-y99WD9e5r2MlAv7UD5GMFX6pcTc="
		},
		"underscore": {
			"version": "1.2.4",
			"resolved": "https://registry.npmjs.org/underscore/-/underscore-1.2.4.tgz",
			"integrity": "sha1-6NpiQaoG9k3yRzuyWQuMF8hMPH4="
		},
		"underscore.string": {
			"version": "2.0.0",
			"resolved": "https://registry.npmjs.org/underscore.string/-/underscore.string-2.0.0.tgz",
			"integrity": "sha1-dHCFilSguzVg0DfaVtzGe1GB4Ro="
		},
		"validator": {
			"version": "0.3.9",
			"resolved": "https://registry.npmjs.org/validator/-/validator-0.3.9.tgz",
			"integrity": "sha1-lc6ZOugfg33VncNvR5A90VHf+BA="
		}
	}
}
